
Microsoft Visual Studio Solution File, Format Version 12.00
# Visual Studio Version 16
VisualStudioVersion = 16.0.29424.173
MinimumVisualStudioVersion = 10.0.40219.1
Project("{FAE04EC0-301F-11D3-BF4B-00C04F79EFBC}") = "vogais", "vogais\vogais.csproj", "{1E224EF4-42EC-4847-8301-A746F3A129ED}"
EndProject
Global
	GlobalSection(SolutionConfigurationPlatforms) = preSolution
		Debug|Any CPU = Debug|Any CPU
		Release|Any CPU = Release|Any CPU
	EndGlobalSection
	GlobalSection(ProjectConfigurationPlatforms) = postSolution
		{1E224EF4-42EC-4847-8301-A746F3A129ED}.Debug|Any CPU.ActiveCfg = Debug|Any CPU
		{1E224EF4-42EC-4847-8301-A746F3A129ED}.Debug|Any CPU.Build.0 = Debug|Any CPU
		{1E224EF4-42EC-4847-8301-A746F3A129ED}.Release|Any CPU.ActiveCfg = Release|Any CPU
		{1E224EF4-42EC-4847-8301-A746F3A129ED}.Release|Any CPU.Build.0 = Release|Any CPU
	EndGlobalSection
	GlobalSection(SolutionProperties) = preSolution
		HideSolutionNode = FALSE
	EndGlobalSection
	GlobalSection(ExtensibilityGlobals) = postSolution
		SolutionGuid = {77CF943A-2CBB-4DAF-9C6B-F9E0E2FE6281}
	EndGlobalSection
EndGlobal
